
Microsoft Visual Studio Solution File, Format Version 12.00
# Visual Studio Version 17
VisualStudioVersion = 17.9.34407.89
MinimumVisualStudioVersion = 10.0.40219.1
Project("{FAE04EC0-301F-11D3-BF4B-00C04F79EFBC}") = "Programa1", "Programa1\Programa1.csproj", "{94A959EB-8462-4D2A-B453-3CE33236888A}"
EndProject
Global
	GlobalSection(SolutionConfigurationPlatforms) = preSolution
		Debug|Any CPU = Debug|Any CPU
		Release|Any CPU = Release|Any CPU
	EndGlobalSection
	GlobalSection(ProjectConfigurationPlatforms) = postSolution
		{94A959EB-8462-4D2A-B453-3CE33236888A}.Debug|Any CPU.ActiveCfg = Debug|Any CPU
		{94A959EB-8462-4D2A-B453-3CE33236888A}.Debug|Any CPU.Build.0 = Debug|Any CPU
		{94A959EB-8462-4D2A-B453-3CE33236888A}.Release|Any CPU.ActiveCfg = Release|Any CPU
		{94A959EB-8462-4D2A-B453-3CE33236888A}.Release|Any CPU.Build.0 = Release|Any CPU
	EndGlobalSection
	GlobalSection(SolutionProperties) = preSolution
		HideSolutionNode = FALSE
	EndGlobalSection
	GlobalSection(ExtensibilityGlobals) = postSolution
		SolutionGuid = {6A1B239A-7127-4DB2-99A9-9C98D3A90A27}
	EndGlobalSection
EndGlobal
